// !$*UTF8*$!
{
	archiveVersion = 1;
	classes = {
	};
	objectVersion = 50;
	objects = {

/* Begin PBXBuildFile section */
		022C580B268B766B00ED623C /* ImageLoader.swift in Sources */ = {isa = PBXBuildFile; fileRef = 022C580A268B766B00ED623C /* ImageLoader.swift */; };
		022C580D268B7D0100ED623C /* AmiiboListRowView.swift in Sources */ = {isa = PBXBuildFile; fileRef = 022C580C268B7D0100ED623C /* AmiiboListRowView.swift */; };
		022C580F268CA56700ED623C /* AmiiboDetailText.swift in Sources */ = {isa = PBXBuildFile; fileRef = 022C580E268CA56700ED623C /* AmiiboDetailText.swift */; };
		02544B862685F1EB00D226AA /* MyMiibosApp.swift in Sources */ = {isa = PBXBuildFile; fileRef = 02544B852685F1EB00D226AA /* MyMiibosApp.swift */; };
		02544B8A2685F1ED00D226AA /* Assets.xcassets in Resources */ = {isa = PBXBuildFile; fileRef = 02544B892685F1ED00D226AA /* Assets.xcassets */; };
		02544B8D2685F1ED00D226AA /* Preview Assets.xcassets in Resources */ = {isa = PBXBuildFile; fileRef = 02544B8C2685F1ED00D226AA /* Preview Assets.xcassets */; };
		02544B9B2685F74A00D226AA /* AmiiboModel.swift in Sources */ = {isa = PBXBuildFile; fileRef = 02544B9A2685F74A00D226AA /* AmiiboModel.swift */; };
		02544B9D2685F9F500D226AA /* ApiService.swift in Sources */ = {isa = PBXBuildFile; fileRef = 02544B9C2685F9F500D226AA /* ApiService.swift */; };
		02544B9F26860E1C00D226AA /* AmiibosListViewModel.swift in Sources */ = {isa = PBXBuildFile; fileRef = 02544B9E26860E1C00D226AA /* AmiibosListViewModel.swift */; };
		02544BA126862F4400D226AA /* AmiibosListView.swift in Sources */ = {isa = PBXBuildFile; fileRef = 02544BA026862F4400D226AA /* AmiibosListView.swift */; };
		02544BA3268B31FB00D226AA /* AmiiboDetailView.swift in Sources */ = {isa = PBXBuildFile; fileRef = 02544BA2268B31FB00D226AA /* AmiiboDetailView.swift */; };
		02544BA5268B326800D226AA /* AmiiboDetailViewModel.swift in Sources */ = {isa = PBXBuildFile; fileRef = 02544BA4268B326800D226AA /* AmiiboDetailViewModel.swift */; };
/* End PBXBuildFile section */

/* Begin PBXFileReference section */
		022C580A268B766B00ED623C /* ImageLoader.swift */ = {isa = PBXFileReference; lastKnownFileType = sourcecode.swift; path = ImageLoader.swift; sourceTree = "<group>"; };
		022C580C268B7D0100ED623C /* AmiiboListRowView.swift */ = {isa = PBXFileReference; lastKnownFileType = sourcecode.swift; path = AmiiboListRowView.swift; sourceTree = "<group>"; };
		022C580E268CA56700ED623C /* AmiiboDetailText.swift */ = {isa = PBXFileReference; lastKnownFileType = sourcecode.swift; path = AmiiboDetailText.swift; sourceTree = "<group>"; };
		02544B822685F1EB00D226AA /* MyMiibos.app */ = {isa = PBXFileReference; explicitFileType = wrapper.application; includeInIndex = 0; path = MyMiibos.app; sourceTree = BUILT_PRODUCTS_DIR; };
		02544B852685F1EB00D226AA /* MyMiibosApp.swift */ = {isa = PBXFileReference; lastKnownFileType = sourcecode.swift; path = MyMiibosApp.swift; sourceTree = "<group>"; };
		02544B892685F1ED00D226AA /* Assets.xcassets */ = {isa = PBXFileReference; lastKnownFileType = folder.assetcatalog; path = Assets.xcassets; sourceTree = "<group>"; };
		02544B8C2685F1ED00D226AA /* Preview Assets.xcassets */ = {isa = PBXFileReference; lastKnownFileType = folder.assetcatalog; path = "Preview Assets.xcassets"; sourceTree = "<group>"; };
		02544B8E2685F1ED00D226AA /* Info.plist */ = {isa = PBXFileReference; lastKnownFileType = text.plist.xml; path = Info.plist; sourceTree = "<group>"; };
		02544B9A2685F74A00D226AA /* AmiiboModel.swift */ = {isa = PBXFileReference; lastKnownFileType = sourcecode.swift; path = AmiiboModel.swift; sourceTree = "<group>"; };
		02544B9C2685F9F500D226AA /* ApiService.swift */ = {isa = PBXFileReference; lastKnownFileType = sourcecode.swift; path = ApiService.swift; sourceTree = "<group>"; };
		02544B9E26860E1C00D226AA /* AmiibosListViewModel.swift */ = {isa = PBXFileReference; lastKnownFileType = sourcecode.swift; path = AmiibosListViewModel.swift; sourceTree = "<group>"; };
		02544BA026862F4400D226AA /* AmiibosListView.swift */ = {isa = PBXFileReference; lastKnownFileType = sourcecode.swift; path = AmiibosListView.swift; sourceTree = "<group>"; };
		02544BA2268B31FB00D226AA /* AmiiboDetailView.swift */ = {isa = PBXFileReference; lastKnownFileType = sourcecode.swift; path = AmiiboDetailView.swift; sourceTree = "<group>"; };
		02544BA4268B326800D226AA /* AmiiboDetailViewModel.swift */ = {isa = PBXFileReference; lastKnownFileType = sourcecode.swift; path = AmiiboDetailViewModel.swift; sourceTree = "<group>"; };
/* End PBXFileReference section */

/* Begin PBXFrameworksBuildPhase section */
		02544B7F2685F1EB00D226AA /* Frameworks */ = {
			isa = PBXFrameworksBuildPhase;
			buildActionMask = 2147483647;
			files = (
			);
			runOnlyForDeploymentPostprocessing = 0;
		};
/* End PBXFrameworksBuildPhase section */

/* Begin PBXGroup section */
		02544B792685F1EB00D226AA = {
			isa = PBXGroup;
			children = (
				02544B842685F1EB00D226AA /* MyMiibos */,
				02544B832685F1EB00D226AA /* Products */,
			);
			sourceTree = "<group>";
		};
		02544B832685F1EB00D226AA /* Products */ = {
			isa = PBXGroup;
			children = (
				02544B822685F1EB00D226AA /* MyMiibos.app */,
			);
			name = Products;
			sourceTree = "<group>";
		};
		02544B842685F1EB00D226AA /* MyMiibos */ = {
			isa = PBXGroup;
			children = (
				02544B992685F2DA00D226AA /* Extensions */,
				02544B962685F26300D226AA /* Models */,
				02544B942685F21900D226AA /* Services */,
				02544B952685F25900D226AA /* Utils */,
				02544B972685F27000D226AA /* Views */,
				02544B982685F27800D226AA /* ViewModels */,
				02544B852685F1EB00D226AA /* MyMiibosApp.swift */,
				02544B892685F1ED00D226AA /* Assets.xcassets */,
				02544B8E2685F1ED00D226AA /* Info.plist */,
				02544B8B2685F1ED00D226AA /* Preview Content */,
			);
			path = MyMiibos;
			sourceTree = "<group>";
		};
		02544B8B2685F1ED00D226AA /* Preview Content */ = {
			isa = PBXGroup;
			children = (
				02544B8C2685F1ED00D226AA /* Preview Assets.xcassets */,
			);
			path = "Preview Content";
			sourceTree = "<group>";
		};
		02544B942685F21900D226AA /* Services */ = {
			isa = PBXGroup;
			children = (
				02544B9C2685F9F500D226AA /* ApiService.swift */,
			);
			path = Services;
			sourceTree = "<group>";
		};
		02544B952685F25900D226AA /* Utils */ = {
			isa = PBXGroup;
			children = (
				022C580A268B766B00ED623C /* ImageLoader.swift */,
			);
			path = Utils;
			sourceTree = "<group>";
		};
		02544B962685F26300D226AA /* Models */ = {
			isa = PBXGroup;
			children = (
				02544B9A2685F74A00D226AA /* AmiiboModel.swift */,
			);
			path = Models;
			sourceTree = "<group>";
		};
		02544B972685F27000D226AA /* Views */ = {
			isa = PBXGroup;
			children = (
				02544BA026862F4400D226AA /* AmiibosListView.swift */,
				02544BA2268B31FB00D226AA /* AmiiboDetailView.swift */,
				022C580C268B7D0100ED623C /* AmiiboListRowView.swift */,
				022C580E268CA56700ED623C /* AmiiboDetailText.swift */,
			);
			path = Views;
			sourceTree = "<group>";
		};
		02544B982685F27800D226AA /* ViewModels */ = {
			isa = PBXGroup;
			children = (
				02544B9E26860E1C00D226AA /* AmiibosListViewModel.swift */,
				02544BA4268B326800D226AA /* AmiiboDetailViewModel.swift */,
			);
			path = ViewModels;
			sourceTree = "<group>";
		};
		02544B992685F2DA00D226AA /* Extensions */ = {
			isa = PBXGroup;
			children = (
			);
			path = Extensions;
			sourceTree = "<group>";
		};
/* End PBXGroup section */

/* Begin PBXNativeTarget section */
		02544B812685F1EB00D226AA /* MyMiibos */ = {
			isa = PBXNativeTarget;
			buildConfigurationList = 02544B912685F1ED00D226AA /* Build configuration list for PBXNativeTarget "MyMiibos" */;
			buildPhases = (
				02544B7E2685F1EB00D226AA /* Sources */,
				02544B7F2685F1EB00D226AA /* Frameworks */,
				02544B802685F1EB00D226AA /* Resources */,
			);
			buildRules = (
			);
			dependencies = (
			);
			name = MyMiibos;
			productName = MyMiibos;
			productReference = 02544B822685F1EB00D226AA /* MyMiibos.app */;
			productType = "com.apple.product-type.application";
		};
/* End PBXNativeTarget section */

/* Begin PBXProject section */
		02544B7A2685F1EB00D226AA /* Project object */ = {
			isa = PBXProject;
			attributes = {
				LastSwiftUpdateCheck = 1250;
				LastUpgradeCheck = 1250;
				TargetAttributes = {
					02544B812685F1EB00D226AA = {
						CreatedOnToolsVersion = 12.5;
					};
				};
			};
			buildConfigurationList = 02544B7D2685F1EB00D226AA /* Build configuration list for PBXProject "MyMiibos" */;
			compatibilityVersion = "Xcode 9.3";
			developmentRegion = en;
			hasScannedForEncodings = 0;
			knownRegions = (
				en,
				Base,
			);
			mainGroup = 02544B792685F1EB00D226AA;
			productRefGroup = 02544B832685F1EB00D226AA /* Products */;
			projectDirPath = "";
			projectRoot = "";
			targets = (
				02544B812685F1EB00D226AA /* MyMiibos */,
			);
		};
/* End PBXProject section */

/* Begin PBXResourcesBuildPhase section */
		02544B802685F1EB00D226AA /* Resources */ = {
			isa = PBXResourcesBuildPhase;
			buildActionMask = 2147483647;
			files = (
				02544B8D2685F1ED00D226AA /* Preview Assets.xcassets in Resources */,
				02544B8A2685F1ED00D226AA /* Assets.xcassets in Resources */,
			);
			runOnlyForDeploymentPostprocessing = 0;
		};
/* End PBXResourcesBuildPhase section */

/* Begin PBXSourcesBuildPhase section */
		02544B7E2685F1EB00D226AA /* Sources */ = {
			isa = PBXSourcesBuildPhase;
			buildActionMask = 2147483647;
			files = (
				022C580D268B7D0100ED623C /* AmiiboListRowView.swift in Sources */,
				02544B9B2685F74A00D226AA /* AmiiboModel.swift in Sources */,
				02544BA5268B326800D226AA /* AmiiboDetailViewModel.swift in Sources */,
				02544B9D2685F9F500D226AA /* ApiService.swift in Sources */,
				02544BA3268B31FB00D226AA /* AmiiboDetailView.swift in Sources */,
				02544BA126862F4400D226AA /* AmiibosListView.swift in Sources */,
				022C580F268CA56700ED623C /* AmiiboDetailText.swift in Sources */,
				02544B9F26860E1C00D226AA /* AmiibosListViewModel.swift in Sources */,
				022C580B268B766B00ED623C /* ImageLoader.swift in Sources */,
				02544B862685F1EB00D226AA /* MyMiibosApp.swift in Sources */,
			);
			runOnlyForDeploymentPostprocessing = 0;
		};
/* End PBXSourcesBuildPhase section */

/* Begin XCBuildConfiguration section */
		02544B8F2685F1ED00D226AA /* Debug */ = {
			isa = XCBuildConfiguration;
			buildSettings = {
				ALWAYS_SEARCH_USER_PATHS = NO;
				CLANG_ANALYZER_NONNULL = YES;
				CLANG_ANALYZER_NUMBER_OBJECT_CONVERSION = YES_AGGRESSIVE;
				CLANG_CXX_LANGUAGE_STANDARD = "gnu++14";
				CLANG_CXX_LIBRARY = "libc++";
				CLANG_ENABLE_MODULES = YES;
				CLANG_ENABLE_OBJC_ARC = YES;
				CLANG_ENABLE_OBJC_WEAK = YES;
				CLANG_WARN_BLOCK_CAPTURE_AUTORELEASING = YES;
				CLANG_WARN_BOOL_CONVERSION = YES;
				CLANG_WARN_COMMA = YES;
				CLANG_WARN_CONSTANT_CONVERSION = YES;
				CLANG_WARN_DEPRECATED_OBJC_IMPLEMENTATIONS = YES;
				CLANG_WARN_DIRECT_OBJC_ISA_USAGE = YES_ERROR;
				CLANG_WARN_DOCUMENTATION_COMMENTS = YES;
				CLANG_WARN_EMPTY_BODY = YES;
				CLANG_WARN_ENUM_CONVERSION = YES;
				CLANG_WARN_INFINITE_RECURSION = YES;
				CLANG_WARN_INT_CONVERSION = YES;
				CLANG_WARN_NON_LITERAL_NULL_CONVERSION = YES;
				CLANG_WARN_OBJC_IMPLICIT_RETAIN_SELF = YES;
				CLANG_WARN_OBJC_LITERAL_CONVERSION = YES;
				CLANG_WARN_OBJC_ROOT_CLASS = YES_ERROR;
				CLANG_WARN_QUOTED_INCLUDE_IN_FRAMEWORK_HEADER = YES;
				CLANG_WARN_RANGE_LOOP_ANALYSIS = YES;
				CLANG_WARN_STRICT_PROTOTYPES = YES;
				CLANG_WARN_SUSPICIOUS_MOVE = YES;
				CLANG_WARN_UNGUARDED_AVAILABILITY = YES_AGGRESSIVE;
				CLANG_WARN_UNREACHABLE_CODE = YES;
				CLANG_WARN__DUPLICATE_METHOD_MATCH = YES;
				COPY_PHASE_STRIP = NO;
				DEBUG_INFORMATION_FORMAT = dwarf;
				ENABLE_STRICT_OBJC_MSGSEND = YES;
				ENABLE_TESTABILITY = YES;
				GCC_C_LANGUAGE_STANDARD = gnu11;
				GCC_DYNAMIC_NO_PIC = NO;
				GCC_NO_COMMON_BLOCKS = YES;
				GCC_OPTIMIZATION_LEVEL = 0;
				GCC_PREPROCESSOR_DEFINITIONS = (
					"DEBUG=1",
					"$(inherited)",
				);
				GCC_WARN_64_TO_32_BIT_CONVERSION = YES;
				GCC_WARN_ABOUT_RETURN_TYPE = YES_ERROR;
				GCC_WARN_UNDECLARED_SELECTOR = YES;
				GCC_WARN_UNINITIALIZED_AUTOS = YES_AGGRESSIVE;
				GCC_WARN_UNUSED_FUNCTION = YES;
				GCC_WARN_UNUSED_VARIABLE = YES;
				IPHONEOS_DEPLOYMENT_TARGET = 14.5;
				MTL_ENABLE_DEBUG_INFO = INCLUDE_SOURCE;
				MTL_FAST_MATH = YES;
				ONLY_ACTIVE_ARCH = YES;
				SDKROOT = iphoneos;
				SWIFT_ACTIVE_COMPILATION_CONDITIONS = DEBUG;
				SWIFT_OPTIMIZATION_LEVEL = "-Onone";
			};
			name = Debug;
		};
		02544B902685F1ED00D226AA /* Release */ = {
			isa = XCBuildConfiguration;
			buildSettings = {
				ALWAYS_SEARCH_USER_PATHS = NO;
				CLANG_ANALYZER_NONNULL = YES;
				CLANG_ANALYZER_NUMBER_OBJECT_CONVERSION = YES_AGGRESSIVE;
				CLANG_CXX_LANGUAGE_STANDARD = "gnu++14";
				CLANG_CXX_LIBRARY = "libc++";
				CLANG_ENABLE_MODULES = YES;
				CLANG_ENABLE_OBJC_ARC = YES;
				CLANG_ENABLE_OBJC_WEAK = YES;
				CLANG_WARN_BLOCK_CAPTURE_AUTORELEASING = YES;
				CLANG_WARN_BOOL_CONVERSION = YES;
				CLANG_WARN_COMMA = YES;
				CLANG_WARN_CONSTANT_CONVERSION = YES;
				CLANG_WARN_DEPRECATED_OBJC_IMPLEMENTATIONS = YES;
				CLANG_WARN_DIRECT_OBJC_ISA_USAGE = YES_ERROR;
				CLANG_WARN_DOCUMENTATION_COMMENTS = YES;
				CLANG_WARN_EMPTY_BODY = YES;
				CLANG_WARN_ENUM_CONVERSION = YES;
				CLANG_WARN_INFINITE_RECURSION = YES;
				CLANG_WARN_INT_CONVERSION = YES;
				CLANG_WARN_NON_LITERAL_NULL_CONVERSION = YES;
				CLANG_WARN_OBJC_IMPLICIT_RETAIN_SELF = YES;
				CLANG_WARN_OBJC_LITERAL_CONVERSION = YES;
				CLANG_WARN_OBJC_ROOT_CLASS = YES_ERROR;
				CLANG_WARN_QUOTED_INCLUDE_IN_FRAMEWORK_HEADER = YES;
				CLANG_WARN_RANGE_LOOP_ANALYSIS = YES;
				CLANG_WARN_STRICT_PROTOTYPES = YES;
				CLANG_WARN_SUSPICIOUS_MOVE = YES;
				CLANG_WARN_UNGUARDED_AVAILABILITY = YES_AGGRESSIVE;
				CLANG_WARN_UNREACHABLE_CODE = YES;
				CLANG_WARN__DUPLICATE_METHOD_MATCH = YES;
				COPY_PHASE_STRIP = NO;
				DEBUG_INFORMATION_FORMAT = "dwarf-with-dsym";
				ENABLE_NS_ASSERTIONS = NO;
				ENABLE_STRICT_OBJC_MSGSEND = YES;
				GCC_C_LANGUAGE_STANDARD = gnu11;
				GCC_NO_COMMON_BLOCKS = YES;
				GCC_WARN_64_TO_32_BIT_CONVERSION = YES;
				GCC_WARN_ABOUT_RETURN_TYPE = YES_ERROR;
				GCC_WARN_UNDECLARED_SELECTOR = YES;
				GCC_WARN_UNINITIALIZED_AUTOS = YES_AGGRESSIVE;
				GCC_WARN_UNUSED_FUNCTION = YES;
				GCC_WARN_UNUSED_VARIABLE = YES;
				IPHONEOS_DEPLOYMENT_TARGET = 14.5;
				MTL_ENABLE_DEBUG_INFO = NO;
				MTL_FAST_MATH = YES;
				SDKROOT = iphoneos;
				SWIFT_COMPILATION_MODE = wholemodule;
				SWIFT_OPTIMIZATION_LEVEL = "-O";
				VALIDATE_PRODUCT = YES;
			};
			name = Release;
		};
		02544B922685F1ED00D226AA /* Debug */ = {
			isa = XCBuildConfiguration;
			buildSettings = {
				ASSETCATALOG_COMPILER_APPICON_NAME = AppIcon;
				ASSETCATALOG_COMPILER_GLOBAL_ACCENT_COLOR_NAME = AccentColor;
				CODE_SIGN_STYLE = Automatic;
				DEVELOPMENT_ASSET_PATHS = "\"MyMiibos/Preview Content\"";
				ENABLE_PREVIEWS = YES;
				INFOPLIST_FILE = MyMiibos/Info.plist;
				IPHONEOS_DEPLOYMENT_TARGET = 14.0;
				LD_RUNPATH_SEARCH_PATHS = (
					"$(inherited)",
					"@executable_path/Frameworks",
				);
				PRODUCT_BUNDLE_IDENTIFIER = com.lss.MyMiibos;
				PRODUCT_NAME = "$(TARGET_NAME)";
				SWIFT_VERSION = 5.0;
				TARGETED_DEVICE_FAMILY = "1,2";
			};
			name = Debug;
		};
		02544B932685F1ED00D226AA /* Release */ = {
			isa = XCBuildConfiguration;
			buildSettings = {
				ASSETCATALOG_COMPILER_APPICON_NAME = AppIcon;
				ASSETCATALOG_COMPILER_GLOBAL_ACCENT_COLOR_NAME = AccentColor;
				CODE_SIGN_STYLE = Automatic;
				DEVELOPMENT_ASSET_PATHS = "\"MyMiibos/Preview Content\"";
				ENABLE_PREVIEWS = YES;
				INFOPLIST_FILE = MyMiibos/Info.plist;
				IPHONEOS_DEPLOYMENT_TARGET = 14.0;
				LD_RUNPATH_SEARCH_PATHS = (
					"$(inherited)",
					"@executable_path/Frameworks",
				);
				PRODUCT_BUNDLE_IDENTIFIER = com.lss.MyMiibos;
				PRODUCT_NAME = "$(TARGET_NAME)";
				SWIFT_VERSION = 5.0;
				TARGETED_DEVICE_FAMILY = "1,2";
			};
			name = Release;
		};
/* End XCBuildConfiguration section */

/* Begin XCConfigurationList section */
		02544B7D2685F1EB00D226AA /* Build configuration list for PBXProject "MyMiibos" */ = {
			isa = XCConfigurationList;
			buildConfigurations = (
				02544B8F2685F1ED00D226AA /* Debug */,
				02544B902685F1ED00D226AA /* Release */,
			);
			defaultConfigurationIsVisible = 0;
			defaultConfigurationName = Release;
		};
		02544B912685F1ED00D226AA /* Build configuration list for PBXNativeTarget "MyMiibos" */ = {
			isa = XCConfigurationList;
			buildConfigurations = (
				02544B922685F1ED00D226AA /* Debug */,
				02544B932685F1ED00D226AA /* Release */,
			);
			defaultConfigurationIsVisible = 0;
			defaultConfigurationName = Release;
		};
/* End XCConfigurationList section */
	};
	rootObject = 02544B7A2685F1EB00D226AA /* Project object */;
}
